{
  "projects": [
    {
      "projectId": "8PtdGodUbexNYgkuyBUcWu",
      "version": "3.27.0",
      "dependencies": {},
      "lang": "ts",
      "fileLocks": [
        {
          "assetId": "8PtdGodUbexNYgkuyBUcWu",
          "type": "projectCss",
          "checksum": "9440f91b1e8169311ba244276a5922c3"
        },
        {
          "assetId": "8PtdGodUbexNYgkuyBUcWu",
          "checksum": "34a063f27f0b27a7d1d344bc6b5252c5",
          "type": "globalContexts"
        }
      ],
      "codegenVersion": "0.0.1"
    },
    {
      "projectId": "caTPwKxj5ZrD9LQ7DMdK4Z",
      "version": "3.40.0",
      "dependencies": {},
      "lang": "ts",
      "fileLocks": [
        {
          "assetId": "caTPwKxj5ZrD9LQ7DMdK4Z",
          "type": "projectCss",
          "checksum": "1c02168c6b23256606111fdfdbb63549"
        }
      ],
      "codegenVersion": "0.0.1"
    },
    {
      "projectId": "hjKYmYi6HMwK6TRyk7ew5R",
      "version": "6.42.0",
      "dependencies": {},
      "lang": "ts",
      "fileLocks": [
        {
          "assetId": "hjKYmYi6HMwK6TRyk7ew5R",
          "type": "projectCss",
          "checksum": "8261c92e439d6a43426690ea3cba615f"
        },
        {
          "assetId": "hjKYmYi6HMwK6TRyk7ew5R",
          "checksum": "ce1c1c4c2068f2505d175a1b6e17d26a",
          "type": "globalContexts"
        }
      ],
      "codegenVersion": "0.0.1"
    },
    {
      "projectId": "7nJ7UcFmq9UzB6eXfC5z4a",
      "version": "0.31.0",
      "dependencies": {},
      "lang": "ts",
      "fileLocks": [
        {
          "assetId": "7nJ7UcFmq9UzB6eXfC5z4a",
          "type": "projectCss",
          "checksum": "01e8cee5b9ce00fbc93f494c2a40dbf1"
        }
      ],
      "codegenVersion": "0.0.1"
    },
    {
      "projectId": "jkU633o1Cz7HrJdwdxhVHk",
      "version": "16.13.0",
      "dependencies": {},
      "lang": "ts",
      "fileLocks": [
        {
          "assetId": "jkU633o1Cz7HrJdwdxhVHk",
          "type": "projectCss",
          "checksum": "cf57d229ecea50678d9d8d3bc0e3dd9b"
        }
      ],
      "codegenVersion": "0.0.1"
    },
    {
      "projectId": "ohDidvG9XsCeFumugENU3J",
      "version": "6.29.0",
      "dependencies": {},
      "lang": "ts",
      "fileLocks": [
        {
          "assetId": "ohDidvG9XsCeFumugENU3J",
          "type": "projectCss",
          "checksum": "ba2a60a163fca4f4d510275088a2be53"
        },
        {
          "assetId": "ohDidvG9XsCeFumugENU3J",
          "checksum": "de0a0e65174a6a185a8f822af51c6bdd",
          "type": "globalContexts"
        }
      ],
      "codegenVersion": "0.0.1"
    },
    {
      "projectId": "Fu9rYAdx7a38e3uUnu1ra",
      "version": "12.0.4",
      "dependencies": {
        "7nJ7UcFmq9UzB6eXfC5z4a": "0.31.0",
        "hjKYmYi6HMwK6TRyk7ew5R": "6.42.0",
        "caTPwKxj5ZrD9LQ7DMdK4Z": "3.40.0",
        "8PtdGodUbexNYgkuyBUcWu": "3.27.0"
      },
      "lang": "ts",
      "fileLocks": [
        {
          "type": "globalVariant",
          "assetId": "h5tbtWCrTyJR",
          "checksum": "ef73af86ecac636b0804908e901f7205"
        },
        {
          "type": "globalVariant",
          "assetId": "LpyY4FovdLdy",
          "checksum": "9465a09198bd6f27879c8b6eff089556"
        },
        {
          "assetId": "Fu9rYAdx7a38e3uUnu1ra",
          "type": "projectCss",
          "checksum": "1bcded872ca69a2c9ce0648df4903864"
        },
        {
          "assetId": "Fu9rYAdx7a38e3uUnu1ra",
          "checksum": "65e5e01663282a466cfde7e0c6771be0",
          "type": "globalContexts"
        },
        {
          "type": "renderModule",
          "assetId": "Ez5C_DI-e_y8",
          "checksum": "24f145cdfc0a73799e38f5ebaaa946c2"
        },
        {
          "type": "cssRules",
          "assetId": "Ez5C_DI-e_y8",
          "checksum": "24f145cdfc0a73799e38f5ebaaa946c2"
        },
        {
          "type": "renderModule",
          "assetId": "0CdGcjBJJJ2u",
          "checksum": "08195e02bcf39bf1cca84a476c6e78c4"
        },
        {
          "type": "cssRules",
          "assetId": "0CdGcjBJJJ2u",
          "checksum": "08195e02bcf39bf1cca84a476c6e78c4"
        },
        {
          "type": "renderModule",
          "assetId": "5OeiUkpsyy3G",
          "checksum": "f6e873db44a8f6b0a8bb22af00a3ee4c"
        },
        {
          "type": "cssRules",
          "assetId": "5OeiUkpsyy3G",
          "checksum": "f6e873db44a8f6b0a8bb22af00a3ee4c"
        },
        {
          "type": "renderModule",
          "assetId": "CmKNratQvH0p",
          "checksum": "d78bfa1632edad26db79274a462e4503"
        },
        {
          "type": "cssRules",
          "assetId": "CmKNratQvH0p",
          "checksum": "d78bfa1632edad26db79274a462e4503"
        },
        {
          "type": "renderModule",
          "assetId": "l-tgmR_s_IKQ",
          "checksum": "1539adf0f772e200874756015dd0ade4"
        },
        {
          "type": "cssRules",
          "assetId": "l-tgmR_s_IKQ",
          "checksum": "1539adf0f772e200874756015dd0ade4"
        },
        {
          "type": "renderModule",
          "assetId": "Tr5wXy7tg96x",
          "checksum": "c4f7c3215cf0e95277863e5562abdf0f"
        },
        {
          "type": "cssRules",
          "assetId": "Tr5wXy7tg96x",
          "checksum": "c4f7c3215cf0e95277863e5562abdf0f"
        },
        {
          "type": "icon",
          "assetId": "UBqKCOeBv1Lc",
          "checksum": "bb0cdc06c3e64891e764256d39c7d996"
        },
        {
          "type": "icon",
          "assetId": "InBie9uiW3NB",
          "checksum": "9e4c4647cc253970be6b962e076b2602"
        },
        {
          "type": "icon",
          "assetId": "x0_OIV4P_K1A",
          "checksum": "c6fb9011aa998d6c9d4ebdb3a18d2d2d"
        },
        {
          "type": "icon",
          "assetId": "KKLQvxIvdJEs",
          "checksum": "a00cc580f4ce4a5d53e9697da8c0697e"
        },
        {
          "type": "icon",
          "assetId": "2t9QpidPiPUW",
          "checksum": "a404d15a251adde7f040f74a603bf8f0"
        },
        {
          "type": "image",
          "assetId": "A2r2W6PjbUEx",
          "checksum": "9e4e13f0357c43a46b0d709686e8d1a5"
        },
        {
          "type": "image",
          "assetId": "9jiGi5mEbMj4",
          "checksum": "fd92045e9b9373eb052efc11ab611e09"
        },
        {
          "type": "image",
          "assetId": "ztUzqIyo5dTt",
          "checksum": "70b5af61c1101026a582b67888ba5f0b"
        },
        {
          "type": "image",
          "assetId": "qUzDAGV5wyqT",
          "checksum": "7db2a06586bde3e77800772f4bb7d224"
        },
        {
          "type": "image",
          "assetId": "7IqMA1AJcX-X",
          "checksum": "c3cd17483664bb0ba9af5bf38faeef98"
        },
        {
          "type": "image",
          "assetId": "PJrN114YYIRb",
          "checksum": "b42f6ee138dc369f7f7ce33a076dae22"
        },
        {
          "type": "image",
          "assetId": "fdTTbdzHXRzU",
          "checksum": "d3abb71f8d0d2a2e9b2d77ba7e510cc8"
        },
        {
          "type": "image",
          "assetId": "gA-nhtXBvZ3Z",
          "checksum": "507731dfd49866bb6c91ff61ed466918"
        },
        {
          "type": "image",
          "assetId": "TfWcnvrkdHsi",
          "checksum": "de776355d9f82da07d4f77bcb1013058"
        },
        {
          "type": "image",
          "assetId": "wB-aQW3P3WwV",
          "checksum": "161b6f791a4a05cca3f37e234409c712"
        },
        {
          "type": "image",
          "assetId": "NeD8fh_ueNDd",
          "checksum": "1cf246f980911e50a3b797ba0c887469"
        }
      ],
      "codegenVersion": "0.0.1"
    },
    {
      "projectId": "25NMkq6j3WJSA86YLeNnNv",
      "version": "latest",
      "dependencies": {
        "Fu9rYAdx7a38e3uUnu1ra": "12.0.4",
        "7nJ7UcFmq9UzB6eXfC5z4a": "0.31.0",
        "hjKYmYi6HMwK6TRyk7ew5R": "6.42.0",
        "caTPwKxj5ZrD9LQ7DMdK4Z": "3.40.0",
        "8PtdGodUbexNYgkuyBUcWu": "3.27.0",
        "ohDidvG9XsCeFumugENU3J": "6.29.0",
        "jkU633o1Cz7HrJdwdxhVHk": "16.13.0"
      },
      "lang": "ts",
      "fileLocks": [
        {
          "type": "globalVariant",
          "assetId": "BUtCbW4Cju4a",
          "checksum": "448a539df6cf5bd558e4bc6be8081bfa"
        },
        {
          "assetId": "25NMkq6j3WJSA86YLeNnNv",
          "checksum": "b31cb89f9cd7b5d2d099bbfb135df4ce",
          "type": "globalContexts"
        },
        {
          "type": "renderModule",
          "assetId": "gohJ_FBt9c_c",
          "checksum": "ff4eae87d4f24e67862aba3f10f3e62d"
        },
        {
          "type": "cssRules",
          "assetId": "gohJ_FBt9c_c",
          "checksum": "ff4eae87d4f24e67862aba3f10f3e62d"
        },
        {
          "type": "renderModule",
          "assetId": "6076t9hGz4IH",
          "checksum": "c2058289f7a2abc82282c1801728d64d"
        },
        {
          "type": "cssRules",
          "assetId": "6076t9hGz4IH",
          "checksum": "c2058289f7a2abc82282c1801728d64d"
        },
        {
          "type": "renderModule",
          "assetId": "mdPVtXO7YcPY",
          "checksum": "080146d0a1d24afe69e954e460610dc6"
        },
        {
          "type": "cssRules",
          "assetId": "mdPVtXO7YcPY",
          "checksum": "080146d0a1d24afe69e954e460610dc6"
        },
        {
          "type": "renderModule",
          "assetId": "TBhxjnTtD53c",
          "checksum": "20e9f70a7bd15cf3b4d4c8bb92369f3c"
        },
        {
          "type": "cssRules",
          "assetId": "TBhxjnTtD53c",
          "checksum": "20e9f70a7bd15cf3b4d4c8bb92369f3c"
        },
        {
          "type": "renderModule",
          "assetId": "gVBImYvBdV1J",
          "checksum": "3d2ed1b9e08051537118b2b3494d67a1"
        },
        {
          "type": "cssRules",
          "assetId": "gVBImYvBdV1J",
          "checksum": "3d2ed1b9e08051537118b2b3494d67a1"
        },
        {
          "type": "renderModule",
          "assetId": "rECoaLojDdMh",
          "checksum": "793695176226af3edb63269b52c40c4c"
        },
        {
          "type": "cssRules",
          "assetId": "rECoaLojDdMh",
          "checksum": "793695176226af3edb63269b52c40c4c"
        },
        {
          "type": "renderModule",
          "assetId": "2hyEo5jbJH7F",
          "checksum": "53c63ae922fa52166aca3b548560baac"
        },
        {
          "type": "cssRules",
          "assetId": "2hyEo5jbJH7F",
          "checksum": "53c63ae922fa52166aca3b548560baac"
        },
        {
          "type": "renderModule",
          "assetId": "HI_tPuCzvd3N",
          "checksum": "38dff88b1a1f546aef1208a5ab5d177a"
        },
        {
          "type": "cssRules",
          "assetId": "HI_tPuCzvd3N",
          "checksum": "38dff88b1a1f546aef1208a5ab5d177a"
        },
        {
          "type": "renderModule",
          "assetId": "odwwH9QA6pTu",
          "checksum": "c3329beaee9ee0ad30bba45be4a9e88b"
        },
        {
          "type": "cssRules",
          "assetId": "odwwH9QA6pTu",
          "checksum": "c3329beaee9ee0ad30bba45be4a9e88b"
        },
        {
          "type": "renderModule",
          "assetId": "NXfqmCQD_e00",
          "checksum": "a7b8df9e03d73b2657fb81528aa43c2e"
        },
        {
          "type": "cssRules",
          "assetId": "NXfqmCQD_e00",
          "checksum": "a7b8df9e03d73b2657fb81528aa43c2e"
        },
        {
          "type": "renderModule",
          "assetId": "7hmm2GxLpBiH",
          "checksum": "ad106f1c4ecc8c87bc93b335a0301d77"
        },
        {
          "type": "cssRules",
          "assetId": "7hmm2GxLpBiH",
          "checksum": "ad106f1c4ecc8c87bc93b335a0301d77"
        },
        {
          "type": "renderModule",
          "assetId": "H-DV7cIAsNi-",
          "checksum": "7ed1cbc6dcdfa6136dadafa2e13202ff"
        },
        {
          "type": "cssRules",
          "assetId": "H-DV7cIAsNi-",
          "checksum": "7ed1cbc6dcdfa6136dadafa2e13202ff"
        },
        {
          "type": "renderModule",
          "assetId": "IxauIYbZL_7b",
          "checksum": "8cc2665042ddf8ed330f8f5b7df04ac9"
        },
        {
          "type": "cssRules",
          "assetId": "IxauIYbZL_7b",
          "checksum": "8cc2665042ddf8ed330f8f5b7df04ac9"
        },
        {
          "type": "renderModule",
          "assetId": "AHHzNryoBsUs",
          "checksum": "ed50007d18e210da689f6ed08a6ce35d"
        },
        {
          "type": "cssRules",
          "assetId": "AHHzNryoBsUs",
          "checksum": "ed50007d18e210da689f6ed08a6ce35d"
        },
        {
          "type": "renderModule",
          "assetId": "vQQwljGEz0h-",
          "checksum": "47c1930679cc1ed43bf02a26e44bc518"
        },
        {
          "type": "cssRules",
          "assetId": "vQQwljGEz0h-",
          "checksum": "47c1930679cc1ed43bf02a26e44bc518"
        },
        {
          "type": "renderModule",
          "assetId": "kKt9OlnLIHSj",
          "checksum": "f53fe70a3fcef4c4370fa404797bae0d"
        },
        {
          "type": "cssRules",
          "assetId": "kKt9OlnLIHSj",
          "checksum": "f53fe70a3fcef4c4370fa404797bae0d"
        },
        {
          "type": "renderModule",
          "assetId": "Jr8fI2AKJ3UC",
          "checksum": "d33e066c2f0f71523abc2e2df9966b84"
        },
        {
          "type": "cssRules",
          "assetId": "Jr8fI2AKJ3UC",
          "checksum": "d33e066c2f0f71523abc2e2df9966b84"
        },
        {
          "type": "renderModule",
          "assetId": "VRsD0eEsuzxp",
          "checksum": "25a56554dc622e9e3f088ec19236bc22"
        },
        {
          "type": "cssRules",
          "assetId": "VRsD0eEsuzxp",
          "checksum": "25a56554dc622e9e3f088ec19236bc22"
        },
        {
          "type": "renderModule",
          "assetId": "RJRKrFYZ4XuO",
          "checksum": "1f2117fe06e767f4e3d5dfde1c9d237d"
        },
        {
          "type": "cssRules",
          "assetId": "RJRKrFYZ4XuO",
          "checksum": "1f2117fe06e767f4e3d5dfde1c9d237d"
        },
        {
          "type": "renderModule",
          "assetId": "Vkud_7hfyETg",
          "checksum": "f2bba02d3503bc72eabbf9245642c83d"
        },
        {
          "type": "cssRules",
          "assetId": "Vkud_7hfyETg",
          "checksum": "f2bba02d3503bc72eabbf9245642c83d"
        },
        {
          "type": "renderModule",
          "assetId": "adzqt1M5uYQK",
          "checksum": "879daa194323341d86f49f6e210e64be"
        },
        {
          "type": "cssRules",
          "assetId": "adzqt1M5uYQK",
          "checksum": "879daa194323341d86f49f6e210e64be"
        },
        {
          "type": "renderModule",
          "assetId": "ZAgzoD-WBDEx",
          "checksum": "086c63a34d297008ded52fcea4348012"
        },
        {
          "type": "cssRules",
          "assetId": "ZAgzoD-WBDEx",
          "checksum": "086c63a34d297008ded52fcea4348012"
        },
        {
          "type": "renderModule",
          "assetId": "IU0oVQQU8Igi",
          "checksum": "ac27373d8593a73611cd73151d3e0a2d"
        },
        {
          "type": "cssRules",
          "assetId": "IU0oVQQU8Igi",
          "checksum": "ac27373d8593a73611cd73151d3e0a2d"
        },
        {
          "type": "renderModule",
          "assetId": "zhQeo8wH71P6",
          "checksum": "30df99db95c327c421a1b0bb32224d9f"
        },
        {
          "type": "cssRules",
          "assetId": "zhQeo8wH71P6",
          "checksum": "30df99db95c327c421a1b0bb32224d9f"
        },
        {
          "type": "renderModule",
          "assetId": "5noYeXZY46y8",
          "checksum": "10ebb390154530c1aeaf720118f9bf85"
        },
        {
          "type": "cssRules",
          "assetId": "5noYeXZY46y8",
          "checksum": "10ebb390154530c1aeaf720118f9bf85"
        },
        {
          "type": "renderModule",
          "assetId": "2T1Kge_Qbpqu",
          "checksum": "4e242deb1a444166466082263f319422"
        },
        {
          "type": "cssRules",
          "assetId": "2T1Kge_Qbpqu",
          "checksum": "4e242deb1a444166466082263f319422"
        },
        {
          "type": "renderModule",
          "assetId": "KhbxIn74_RWo",
          "checksum": "c95e1c9d170135d6dd3c764f87434598"
        },
        {
          "type": "cssRules",
          "assetId": "KhbxIn74_RWo",
          "checksum": "c95e1c9d170135d6dd3c764f87434598"
        },
        {
          "type": "renderModule",
          "assetId": "F1oMW4lkipzN",
          "checksum": "d3c4a4a5aebaebb899950445f70ed7ae"
        },
        {
          "type": "cssRules",
          "assetId": "F1oMW4lkipzN",
          "checksum": "d3c4a4a5aebaebb899950445f70ed7ae"
        },
        {
          "type": "renderModule",
          "assetId": "GwJFNOnF6xP8",
          "checksum": "c645888330bc27298c834192b5f5d169"
        },
        {
          "type": "cssRules",
          "assetId": "GwJFNOnF6xP8",
          "checksum": "c645888330bc27298c834192b5f5d169"
        },
        {
          "type": "renderModule",
          "assetId": "ykzioeZlGJOn",
          "checksum": "6fbb8d5f1756a3c32b1ed70428cb7ce2"
        },
        {
          "type": "cssRules",
          "assetId": "ykzioeZlGJOn",
          "checksum": "6fbb8d5f1756a3c32b1ed70428cb7ce2"
        },
        {
          "type": "renderModule",
          "assetId": "MR73AwMoRfqG",
          "checksum": "eea001080be8f3bdb57d734e8addcb73"
        },
        {
          "type": "cssRules",
          "assetId": "MR73AwMoRfqG",
          "checksum": "eea001080be8f3bdb57d734e8addcb73"
        },
        {
          "type": "renderModule",
          "assetId": "WL21vr6n8csL",
          "checksum": "cd2f58f58f69a29b52ea4e50773cc21f"
        },
        {
          "type": "cssRules",
          "assetId": "WL21vr6n8csL",
          "checksum": "cd2f58f58f69a29b52ea4e50773cc21f"
        },
        {
          "type": "icon",
          "assetId": "mGpoy7tQV_bd",
          "checksum": "3883bf4ab5e7b65cea9837f6f106170c"
        },
        {
          "type": "icon",
          "assetId": "vQLUlpGa4JFr",
          "checksum": "710d4dd5ba40f8f2546979035064ee07"
        },
        {
          "type": "icon",
          "assetId": "GvSU8apBIOau",
          "checksum": "fb7220545365195fb5ebf6a9466c7f82"
        },
        {
          "type": "icon",
          "assetId": "7eQNhmZWjTSL",
          "checksum": "9ba1e10b4cce54f37a425afd0ca26674"
        },
        {
          "type": "icon",
          "assetId": "7DLVa21sOuU9",
          "checksum": "e9156a0b966124077ec3959aeb254d16"
        },
        {
          "type": "icon",
          "assetId": "6ljVrEe11i7-",
          "checksum": "92b470b2f51e98aa5998cf3d4df97572"
        },
        {
          "type": "icon",
          "assetId": "iD9qZMGhfyt-",
          "checksum": "c2d9d67da48182bc66fc205d0730022e"
        },
        {
          "type": "icon",
          "assetId": "h2MGQmM0O6PM",
          "checksum": "54a5bfc6d946c24b36da25506e2c67d2"
        },
        {
          "type": "icon",
          "assetId": "clG-V0q8hgGW",
          "checksum": "6c332f940a0c99a3e09d048311ada346"
        },
        {
          "type": "icon",
          "assetId": "CFInPjMcuZpd",
          "checksum": "107e31d0b6939ef07d23293fee3b1ef7"
        },
        {
          "type": "icon",
          "assetId": "1BkNNylMgwkG",
          "checksum": "4a7ae164b05859b40b00a527ef00c4c5"
        },
        {
          "type": "icon",
          "assetId": "-4vYqbgmlPml",
          "checksum": "f644e40cf9749416eaeb0093208a5652"
        },
        {
          "type": "icon",
          "assetId": "ofV1-yTJtyeo",
          "checksum": "82366a2b719e1c13b78a3b69746968ea"
        },
        {
          "type": "icon",
          "assetId": "6pNbWzmSxgQK",
          "checksum": "0c76599cd8472b6779a1a538577bf28d"
        },
        {
          "type": "icon",
          "assetId": "gUdqfs_VIXhx",
          "checksum": "35e66cdd719557e43fe6f650c9681699"
        },
        {
          "type": "icon",
          "assetId": "Z3RgpfEs4579",
          "checksum": "abc759418c58b5f1abfb68cff2691a6c"
        },
        {
          "type": "icon",
          "assetId": "qtMrc_rZ26Py",
          "checksum": "2130bd4dd90014a29fa8c44632b71760"
        },
        {
          "type": "icon",
          "assetId": "Xk6dRTtcDY6-",
          "checksum": "50f9d105cbdb5cbfacb0449322e51f58"
        },
        {
          "type": "icon",
          "assetId": "j-EZI9wrq3Tq",
          "checksum": "92b3be0dc1882731b640c74f4a34d73c"
        },
        {
          "type": "icon",
          "assetId": "M76LGk7Eugp1",
          "checksum": "67d61f1b123f21676e2b6b6d08a0cdb7"
        },
        {
          "type": "icon",
          "assetId": "hGSMlGHv1cMC",
          "checksum": "d85b7ebbc4b9a985187edc8d846f053d"
        },
        {
          "type": "icon",
          "assetId": "nhdlJZaRuRYW",
          "checksum": "8db4ab680dee89b5d4f4407108a9a707"
        },
        {
          "type": "icon",
          "assetId": "RsOhcOIK275u",
          "checksum": "4cf427e079029cf327acc44e388a7edb"
        },
        {
          "type": "icon",
          "assetId": "t0a6FUJFx_ff",
          "checksum": "0c2cfe63185a3f584eb86213024c7199"
        },
        {
          "type": "icon",
          "assetId": "lQAMvTsXwkHR",
          "checksum": "3fc41a965d3822baee07e9514d908a41"
        },
        {
          "type": "icon",
          "assetId": "hNV36M9GtX1A",
          "checksum": "ea5bab83b30f65284a79bc481f1198fe"
        },
        {
          "type": "icon",
          "assetId": "78O3WnJ0Yxvs",
          "checksum": "e200066ea2d101e73c6bad68c3e23b7b"
        },
        {
          "type": "icon",
          "assetId": "Qb_M98sl3STY",
          "checksum": "bae6654a6173e37771182c0c0a451e72"
        },
        {
          "type": "icon",
          "assetId": "oqREdYLPIL9k",
          "checksum": "3b7f9597c29af214f2615faaf29100f3"
        },
        {
          "type": "icon",
          "assetId": "uIH1nzewGl2c",
          "checksum": "d98aefb5afdd3824255db40c64191dc6"
        },
        {
          "type": "icon",
          "assetId": "gpOFimf5Yno-",
          "checksum": "46e9cd31f7071a00ef8a0547acd352a7"
        },
        {
          "type": "icon",
          "assetId": "3AQfRkmx0tz7",
          "checksum": "f2faffce5acb57b41a4b5d67dbc4266a"
        },
        {
          "type": "icon",
          "assetId": "Nf-GwMZQ6Zs_",
          "checksum": "fc65cd48f68e3b0bb0378c828908bf70"
        },
        {
          "type": "icon",
          "assetId": "jOwAluevBMbg",
          "checksum": "3996229f5f618c70c626da9374a12d95"
        },
        {
          "type": "icon",
          "assetId": "UJatEja_Gpn4",
          "checksum": "458043d7c835d4c596131421bb9d9124"
        },
        {
          "type": "icon",
          "assetId": "m5zktYkoda1p",
          "checksum": "2d57e10683b7cee0ef518cb0500b37a1"
        },
        {
          "type": "icon",
          "assetId": "P6l5WXukMSHv",
          "checksum": "b0ed4bd5225aeadd1634a61072b1ed5c"
        },
        {
          "type": "icon",
          "assetId": "A64ekp8UVr8M",
          "checksum": "76f75c1352565d76addd47f146b00bde"
        },
        {
          "type": "icon",
          "assetId": "Auy8Pn9DnfeW",
          "checksum": "e3d7db99e0e5b40a50b6169fcb8d0f67"
        },
        {
          "type": "icon",
          "assetId": "xkfSb3H6_1iP",
          "checksum": "bab16e141bfde0a62725806779be0aa9"
        },
        {
          "type": "icon",
          "assetId": "rUzGKXd-MrnN",
          "checksum": "2e45d7e5a40d38db09e33fc7c4faffdb"
        },
        {
          "type": "image",
          "assetId": "znrm3hEbop8i",
          "checksum": "55f6bb5c53cd7136aaf47fa06152cf74"
        },
        {
          "type": "image",
          "assetId": "rfC0WwCEnemp",
          "checksum": "bbcf00273fb5735bfe1cf505aa3ae1c5"
        },
        {
          "type": "image",
          "assetId": "pm7NR_QoP2ej",
          "checksum": "58d93bf9e8a77e5e20816af9941ee58b"
        },
        {
          "type": "image",
          "assetId": "-MSZ4iK2X2i0",
          "checksum": "4338e69438f834d0a2f22270d9e10a2a"
        },
        {
          "type": "image",
          "assetId": "FaWbkY8VGHxX",
          "checksum": "dff66ee71647bf57e3f90709c328da1b"
        },
        {
          "type": "image",
          "assetId": "HBLPuRnxsuzp",
          "checksum": "3d1d4d2bf1d0ef7851d88a2ec7fc1db9"
        },
        {
          "type": "image",
          "assetId": "Bpjy3zmUV8zt",
          "checksum": "6272823b0d579158aaa5967168ece1ec"
        },
        {
          "type": "image",
          "assetId": "zQgxQzcN9RHq",
          "checksum": "d0c808e8b82ab91a84dae992cdff4a7c"
        },
        {
          "type": "image",
          "assetId": "3u1bB90rg4NM",
          "checksum": "4858214cdbef429e068c65aef646c845"
        },
        {
          "type": "image",
          "assetId": "aC1easvrfjPK",
          "checksum": "90b06459c065b3d601f5f27aa2c05212"
        },
        {
          "type": "image",
          "assetId": "qsyQ-u6sOthN",
          "checksum": "058fd36e1cef0f4c483b6ca620da6953"
        },
        {
          "type": "image",
          "assetId": "2NOgML8Xand6",
          "checksum": "7ba34f5a7b99a5a0d93e39833c9942d1"
        },
        {
          "type": "image",
          "assetId": "lDJc9yVkaglJ",
          "checksum": "1779ed16088850ff0fc130f731f222cc"
        },
        {
          "type": "image",
          "assetId": "SJbjxc42ThDK",
          "checksum": "60d7731eb6ce7809b6236b765d251539"
        },
        {
          "type": "image",
          "assetId": "tmOEqabzq0r2",
          "checksum": "92f60bb456699ff1ec78562d25146c5a"
        },
        {
          "type": "image",
          "assetId": "34_oVogwWkRI",
          "checksum": "73f15e97b53823f29c0a89602cb67c4c"
        },
        {
          "type": "image",
          "assetId": "ufwoRUdXYjye",
          "checksum": "9a4f5e1ba259ef37e075b010d82b1897"
        },
        {
          "type": "image",
          "assetId": "LVqaIFRRGaFa",
          "checksum": "8d9455eef51c40b3562e26fea53a2ad0"
        },
        {
          "type": "image",
          "assetId": "lf3p6ToNm4Dl",
          "checksum": "909273ca27c8491a474811ba1e0df18b"
        },
        {
          "type": "image",
          "assetId": "bRN9w1bSOHAm",
          "checksum": "cac039775ba3f5e321db1904076175de"
        },
        {
          "type": "image",
          "assetId": "Znx3L5TYVqn_",
          "checksum": "c1b5ea3a329217545d0ee3e9b0c648f7"
        },
        {
          "type": "image",
          "assetId": "8U9tc_Y3_UrA",
          "checksum": "a4686c72d7cb2ca567129e65f0f214c3"
        },
        {
          "type": "image",
          "assetId": "VjuX_BKBh7Sy",
          "checksum": "1adfc69efc7eaa92594b270a41359606"
        },
        {
          "type": "image",
          "assetId": "ACfLBzgogkSp",
          "checksum": "f1de4d1dee48e5a2c012c743f8a58aa9"
        },
        {
          "type": "image",
          "assetId": "EqoF3GHjdGr6",
          "checksum": "e49b0c98660d27daa64265dac7b79b9f"
        },
        {
          "type": "image",
          "assetId": "pNjsBt-4YTDl",
          "checksum": "72ee0c8741c6999a024a93949897f507"
        },
        {
          "type": "image",
          "assetId": "yD180aQU4Utd",
          "checksum": "994c8d9852c17db4064cd7b77098a992"
        },
        {
          "type": "image",
          "assetId": "rblPV2o1Cs_W",
          "checksum": "1419bc0396d826321683215f47e8cf40"
        },
        {
          "assetId": "25NMkq6j3WJSA86YLeNnNv",
          "type": "projectCss",
          "checksum": "50fd2e1b9da7491faed2bb78a99c83a6"
        }
      ],
      "codegenVersion": "0.0.1"
    }
  ],
  "cliVersion": "0.1.335"
}
